// !$*UTF8*$!
{
	archiveVersion = 1;
	classes = {
	};
	objectVersion = 46;
	objects = {

/* Begin PBXBuildFile section */
		424B429C1E2CD37200C5840E /* main.m in Sources */ = {isa = PBXBuildFile; fileRef = 424B429B1E2CD37200C5840E /* main.m */; };
		424B429F1E2CD37200C5840E /* AppDelegate.m in Sources */ = {isa = PBXBuildFile; fileRef = 424B429E1E2CD37200C5840E /* AppDelegate.m */; };
		424B42A21E2CD37200C5840E /* ViewController.m in Sources */ = {isa = PBXBuildFile; fileRef = 424B42A11E2CD37200C5840E /* ViewController.m */; };
		424B42A51E2CD37200C5840E /* Main.storyboard in Resources */ = {isa = PBXBuildFile; fileRef = 424B42A31E2CD37200C5840E /* Main.storyboard */; };
		424B42A71E2CD37200C5840E /* Assets.xcassets in Resources */ = {isa = PBXBuildFile; fileRef = 424B42A61E2CD37200C5840E /* Assets.xcassets */; };
		424B42AA1E2CD37200C5840E /* LaunchScreen.storyboard in Resources */ = {isa = PBXBuildFile; fileRef = 424B42A81E2CD37200C5840E /* LaunchScreen.storyboard */; };
		424B42B41E2CD64A00C5840E /* FlightViewController.m in Sources */ = {isa = PBXBuildFile; fileRef = 424B42B31E2CD64A00C5840E /* FlightViewController.m */; };
		424B42B71E2CD66000C5840E /* TrainViewController.m in Sources */ = {isa = PBXBuildFile; fileRef = 424B42B61E2CD66000C5840E /* TrainViewController.m */; };
		424B42BA1E2CD68800C5840E /* BusViewController.m in Sources */ = {isa = PBXBuildFile; fileRef = 424B42B91E2CD68800C5840E /* BusViewController.m */; };
		424B42CB1E2CD77900C5840E /* BaseViewController.m in Sources */ = {isa = PBXBuildFile; fileRef = 424B42BE1E2CD77900C5840E /* BaseViewController.m */; };
		424B42D91E2CD86A00C5840E /* CAPSPageMenu.m in Sources */ = {isa = PBXBuildFile; fileRef = 424B42D81E2CD86A00C5840E /* CAPSPageMenu.m */; };
		424B42EA1E2CD87500C5840E /* NSDictionary+Additions.m in Sources */ = {isa = PBXBuildFile; fileRef = 424B42E11E2CD87500C5840E /* NSDictionary+Additions.m */; };
		424B42EB1E2CD87500C5840E /* NSString+Additions.m in Sources */ = {isa = PBXBuildFile; fileRef = 424B42E31E2CD87500C5840E /* NSString+Additions.m */; };
		424B42EC1E2CD87500C5840E /* txtFldCategory.m in Sources */ = {isa = PBXBuildFile; fileRef = 424B42E51E2CD87500C5840E /* txtFldCategory.m */; };
		424B42ED1E2CD87500C5840E /* UIView+Visuals.m in Sources */ = {isa = PBXBuildFile; fileRef = 424B42E71E2CD87500C5840E /* UIView+Visuals.m */; };
		424B42F71E2CD87D00C5840E /* OfferObject.m in Sources */ = {isa = PBXBuildFile; fileRef = 424B42F41E2CD87D00C5840E /* OfferObject.m */; };
		424B430A1E2CD88500C5840E /* OfferCell.m in Sources */ = {isa = PBXBuildFile; fileRef = 424B43041E2CD88500C5840E /* OfferCell.m */; };
		424B43111E2CD89600C5840E /* Base.m in Sources */ = {isa = PBXBuildFile; fileRef = 424B430E1E2CD89600C5840E /* Base.m */; };
		424B43121E2CD89600C5840E /* HttpClient.m in Sources */ = {isa = PBXBuildFile; fileRef = 424B43101E2CD89600C5840E /* HttpClient.m */; };
		424B43171E2CD8A200C5840E /* MBProgressHUD.m in Sources */ = {isa = PBXBuildFile; fileRef = 424B43161E2CD8A200C5840E /* MBProgressHUD.m */; };
		424B431B1E2CD8A800C5840E /* Reachability.m in Sources */ = {isa = PBXBuildFile; fileRef = 424B431A1E2CD8A800C5840E /* Reachability.m */; };
		424B431F1E2CD8B300C5840E /* Singleton.m in Sources */ = {isa = PBXBuildFile; fileRef = 424B431E1E2CD8B300C5840E /* Singleton.m */; };
		424B43231E2CD8B800C5840E /* SWDefaults.m in Sources */ = {isa = PBXBuildFile; fileRef = 424B43221E2CD8B800C5840E /* SWDefaults.m */; };
		424B432C1E2CD8BE00C5840E /* CJSONDeserializer.m in Sources */ = {isa = PBXBuildFile; fileRef = 424B43261E2CD8BE00C5840E /* CJSONDeserializer.m */; };
		424B432D1E2CD8BE00C5840E /* CJSONSerializer.m in Sources */ = {isa = PBXBuildFile; fileRef = 424B43281E2CD8BE00C5840E /* CJSONSerializer.m */; };
		424B432E1E2CD8BE00C5840E /* NSDictionary_JSONExtensions.m in Sources */ = {isa = PBXBuildFile; fileRef = 424B432B1E2CD8BE00C5840E /* NSDictionary_JSONExtensions.m */; };
		424B43321E2CD8CB00C5840E /* UICKeyChainStore.m in Sources */ = {isa = PBXBuildFile; fileRef = 424B43311E2CD8CB00C5840E /* UICKeyChainStore.m */; };
		FD61E1EC25146EFFA1DFBA14 /* libPods-goEuro.a in Frameworks */ = {isa = PBXBuildFile; fileRef = 371762EF4A0F729162A78624 /* libPods-goEuro.a */; };
/* End PBXBuildFile section */

/* Begin PBXFileReference section */
		25F1EF4D23053CA168867773 /* Pods-goEuro.debug.xcconfig */ = {isa = PBXFileReference; includeInIndex = 1; lastKnownFileType = text.xcconfig; name = "Pods-goEuro.debug.xcconfig"; path = "Pods/Target Support Files/Pods-goEuro/Pods-goEuro.debug.xcconfig"; sourceTree = "<group>"; };
		371762EF4A0F729162A78624 /* libPods-goEuro.a */ = {isa = PBXFileReference; explicitFileType = archive.ar; includeInIndex = 0; path = "libPods-goEuro.a"; sourceTree = BUILT_PRODUCTS_DIR; };
		424B42971E2CD37200C5840E /* goEuro.app */ = {isa = PBXFileReference; explicitFileType = wrapper.application; includeInIndex = 0; path = goEuro.app; sourceTree = BUILT_PRODUCTS_DIR; };
		424B429B1E2CD37200C5840E /* main.m */ = {isa = PBXFileReference; lastKnownFileType = sourcecode.c.objc; path = main.m; sourceTree = "<group>"; };
		424B429D1E2CD37200C5840E /* AppDelegate.h */ = {isa = PBXFileReference; lastKnownFileType = sourcecode.c.h; path = AppDelegate.h; sourceTree = "<group>"; };
		424B429E1E2CD37200C5840E /* AppDelegate.m */ = {isa = PBXFileReference; lastKnownFileType = sourcecode.c.objc; path = AppDelegate.m; sourceTree = "<group>"; };
		424B42A01E2CD37200C5840E /* ViewController.h */ = {isa = PBXFileReference; lastKnownFileType = sourcecode.c.h; path = ViewController.h; sourceTree = "<group>"; };
		424B42A11E2CD37200C5840E /* ViewController.m */ = {isa = PBXFileReference; lastKnownFileType = sourcecode.c.objc; path = ViewController.m; sourceTree = "<group>"; };
		424B42A41E2CD37200C5840E /* Base */ = {isa = PBXFileReference; lastKnownFileType = file.storyboard; name = Base; path = Base.lproj/Main.storyboard; sourceTree = "<group>"; };
		424B42A61E2CD37200C5840E /* Assets.xcassets */ = {isa = PBXFileReference; lastKnownFileType = folder.assetcatalog; path = Assets.xcassets; sourceTree = "<group>"; };
		424B42A91E2CD37200C5840E /* Base */ = {isa = PBXFileReference; lastKnownFileType = file.storyboard; name = Base; path = Base.lproj/LaunchScreen.storyboard; sourceTree = "<group>"; };
		424B42AB1E2CD37200C5840E /* Info.plist */ = {isa = PBXFileReference; lastKnownFileType = text.plist.xml; path = Info.plist; sourceTree = "<group>"; };
		424B42B21E2CD64A00C5840E /* FlightViewController.h */ = {isa = PBXFileReference; fileEncoding = 4; lastKnownFileType = sourcecode.c.h; path = FlightViewController.h; sourceTree = "<group>"; };
		424B42B31E2CD64A00C5840E /* FlightViewController.m */ = {isa = PBXFileReference; fileEncoding = 4; lastKnownFileType = sourcecode.c.objc; path = FlightViewController.m; sourceTree = "<group>"; };
		424B42B51E2CD66000C5840E /* TrainViewController.h */ = {isa = PBXFileReference; fileEncoding = 4; lastKnownFileType = sourcecode.c.h; path = TrainViewController.h; sourceTree = "<group>"; };
		424B42B61E2CD66000C5840E /* TrainViewController.m */ = {isa = PBXFileReference; fileEncoding = 4; lastKnownFileType = sourcecode.c.objc; path = TrainViewController.m; sourceTree = "<group>"; };
		424B42B81E2CD68800C5840E /* BusViewController.h */ = {isa = PBXFileReference; fileEncoding = 4; lastKnownFileType = sourcecode.c.h; path = BusViewController.h; sourceTree = "<group>"; };
		424B42B91E2CD68800C5840E /* BusViewController.m */ = {isa = PBXFileReference; fileEncoding = 4; lastKnownFileType = sourcecode.c.objc; path = BusViewController.m; sourceTree = "<group>"; };
		424B42BD1E2CD77900C5840E /* BaseViewController.h */ = {isa = PBXFileReference; fileEncoding = 4; lastKnownFileType = sourcecode.c.h; path = BaseViewController.h; sourceTree = "<group>"; };
		424B42BE1E2CD77900C5840E /* BaseViewController.m */ = {isa = PBXFileReference; fileEncoding = 4; lastKnownFileType = sourcecode.c.objc; path = BaseViewController.m; sourceTree = "<group>"; };
		424B42D71E2CD86A00C5840E /* CAPSPageMenu.h */ = {isa = PBXFileReference; fileEncoding = 4; lastKnownFileType = sourcecode.c.h; path = CAPSPageMenu.h; sourceTree = "<group>"; };
		424B42D81E2CD86A00C5840E /* CAPSPageMenu.m */ = {isa = PBXFileReference; fileEncoding = 4; lastKnownFileType = sourcecode.c.objc; path = CAPSPageMenu.m; sourceTree = "<group>"; };
		424B42E01E2CD87500C5840E /* NSDictionary+Additions.h */ = {isa = PBXFileReference; fileEncoding = 4; lastKnownFileType = sourcecode.c.h; path = "NSDictionary+Additions.h"; sourceTree = "<group>"; };
		424B42E11E2CD87500C5840E /* NSDictionary+Additions.m */ = {isa = PBXFileReference; fileEncoding = 4; lastKnownFileType = sourcecode.c.objc; path = "NSDictionary+Additions.m"; sourceTree = "<group>"; };
		424B42E21E2CD87500C5840E /* NSString+Additions.h */ = {isa = PBXFileReference; fileEncoding = 4; lastKnownFileType = sourcecode.c.h; path = "NSString+Additions.h"; sourceTree = "<group>"; };
		424B42E31E2CD87500C5840E /* NSString+Additions.m */ = {isa = PBXFileReference; fileEncoding = 4; lastKnownFileType = sourcecode.c.objc; path = "NSString+Additions.m"; sourceTree = "<group>"; };
		424B42E41E2CD87500C5840E /* txtFldCategory.h */ = {isa = PBXFileReference; fileEncoding = 4; lastKnownFileType = sourcecode.c.h; path = txtFldCategory.h; sourceTree = "<group>"; };
		424B42E51E2CD87500C5840E /* txtFldCategory.m */ = {isa = PBXFileReference; fileEncoding = 4; lastKnownFileType = sourcecode.c.objc; path = txtFldCategory.m; sourceTree = "<group>"; };
		424B42E61E2CD87500C5840E /* UIView+Visuals.h */ = {isa = PBXFileReference; fileEncoding = 4; lastKnownFileType = sourcecode.c.h; path = "UIView+Visuals.h"; sourceTree = "<group>"; };
		424B42E71E2CD87500C5840E /* UIView+Visuals.m */ = {isa = PBXFileReference; fileEncoding = 4; lastKnownFileType = sourcecode.c.objc; path = "UIView+Visuals.m"; sourceTree = "<group>"; };
		424B42F31E2CD87D00C5840E /* OfferObject.h */ = {isa = PBXFileReference; fileEncoding = 4; lastKnownFileType = sourcecode.c.h; path = OfferObject.h; sourceTree = "<group>"; };
		424B42F41E2CD87D00C5840E /* OfferObject.m */ = {isa = PBXFileReference; fileEncoding = 4; lastKnownFileType = sourcecode.c.objc; path = OfferObject.m; sourceTree = "<group>"; };
		424B43031E2CD88500C5840E /* OfferCell.h */ = {isa = PBXFileReference; fileEncoding = 4; lastKnownFileType = sourcecode.c.h; path = OfferCell.h; sourceTree = "<group>"; };
		424B43041E2CD88500C5840E /* OfferCell.m */ = {isa = PBXFileReference; fileEncoding = 4; lastKnownFileType = sourcecode.c.objc; path = OfferCell.m; sourceTree = "<group>"; };
		424B430B1E2CD88C00C5840E /* Defines.h */ = {isa = PBXFileReference; lastKnownFileType = sourcecode.c.h; path = Defines.h; sourceTree = "<group>"; };
		424B430D1E2CD89600C5840E /* Base.h */ = {isa = PBXFileReference; fileEncoding = 4; lastKnownFileType = sourcecode.c.h; path = Base.h; sourceTree = "<group>"; };
		424B430E1E2CD89600C5840E /* Base.m */ = {isa = PBXFileReference; fileEncoding = 4; lastKnownFileType = sourcecode.c.objc; path = Base.m; sourceTree = "<group>"; };
		424B430F1E2CD89600C5840E /* HttpClient.h */ = {isa = PBXFileReference; fileEncoding = 4; lastKnownFileType = sourcecode.c.h; path = HttpClient.h; sourceTree = "<group>"; };
		424B43101E2CD89600C5840E /* HttpClient.m */ = {isa = PBXFileReference; fileEncoding = 4; lastKnownFileType = sourcecode.c.objc; path = HttpClient.m; sourceTree = "<group>"; };
		424B43141E2CD8A200C5840E /* MBProgressHUD-Prefix.pch */ = {isa = PBXFileReference; fileEncoding = 4; lastKnownFileType = sourcecode.c.h; path = "MBProgressHUD-Prefix.pch"; sourceTree = "<group>"; };
		424B43151E2CD8A200C5840E /* MBProgressHUD.h */ = {isa = PBXFileReference; fileEncoding = 4; lastKnownFileType = sourcecode.c.h; path = MBProgressHUD.h; sourceTree = "<group>"; };
		424B43161E2CD8A200C5840E /* MBProgressHUD.m */ = {isa = PBXFileReference; fileEncoding = 4; lastKnownFileType = sourcecode.c.objc; path = MBProgressHUD.m; sourceTree = "<group>"; };
		424B43191E2CD8A800C5840E /* Reachability.h */ = {isa = PBXFileReference; fileEncoding = 4; lastKnownFileType = sourcecode.c.h; path = Reachability.h; sourceTree = "<group>"; };
		424B431A1E2CD8A800C5840E /* Reachability.m */ = {isa = PBXFileReference; fileEncoding = 4; lastKnownFileType = sourcecode.c.objc; path = Reachability.m; sourceTree = "<group>"; };
		424B431D1E2CD8B300C5840E /* Singleton.h */ = {isa = PBXFileReference; fileEncoding = 4; lastKnownFileType = sourcecode.c.h; path = Singleton.h; sourceTree = "<group>"; };
		424B431E1E2CD8B300C5840E /* Singleton.m */ = {isa = PBXFileReference; fileEncoding = 4; lastKnownFileType = sourcecode.c.objc; path = Singleton.m; sourceTree = "<group>"; };
		424B43211E2CD8B800C5840E /* SWDefaults.h */ = {isa = PBXFileReference; fileEncoding = 4; lastKnownFileType = sourcecode.c.h; path = SWDefaults.h; sourceTree = "<group>"; };
		424B43221E2CD8B800C5840E /* SWDefaults.m */ = {isa = PBXFileReference; fileEncoding = 4; lastKnownFileType = sourcecode.c.objc; path = SWDefaults.m; sourceTree = "<group>"; };
		424B43251E2CD8BE00C5840E /* CJSONDeserializer.h */ = {isa = PBXFileReference; fileEncoding = 4; lastKnownFileType = sourcecode.c.h; path = CJSONDeserializer.h; sourceTree = "<group>"; };
		424B43261E2CD8BE00C5840E /* CJSONDeserializer.m */ = {isa = PBXFileReference; fileEncoding = 4; lastKnownFileType = sourcecode.c.objc; path = CJSONDeserializer.m; sourceTree = "<group>"; };
		424B43271E2CD8BE00C5840E /* CJSONSerializer.h */ = {isa = PBXFileReference; fileEncoding = 4; lastKnownFileType = sourcecode.c.h; path = CJSONSerializer.h; sourceTree = "<group>"; };
		424B43281E2CD8BE00C5840E /* CJSONSerializer.m */ = {isa = PBXFileReference; fileEncoding = 4; lastKnownFileType = sourcecode.c.objc; path = CJSONSerializer.m; sourceTree = "<group>"; };
		424B43291E2CD8BE00C5840E /* JSONRepresentation.h */ = {isa = PBXFileReference; fileEncoding = 4; lastKnownFileType = sourcecode.c.h; path = JSONRepresentation.h; sourceTree = "<group>"; };
		424B432A1E2CD8BE00C5840E /* NSDictionary_JSONExtensions.h */ = {isa = PBXFileReference; fileEncoding = 4; lastKnownFileType = sourcecode.c.h; path = NSDictionary_JSONExtensions.h; sourceTree = "<group>"; };
		424B432B1E2CD8BE00C5840E /* NSDictionary_JSONExtensions.m */ = {isa = PBXFileReference; fileEncoding = 4; lastKnownFileType = sourcecode.c.objc; path = NSDictionary_JSONExtensions.m; sourceTree = "<group>"; };
		424B43301E2CD8CB00C5840E /* UICKeyChainStore.h */ = {isa = PBXFileReference; fileEncoding = 4; lastKnownFileType = sourcecode.c.h; path = UICKeyChainStore.h; sourceTree = "<group>"; };
		424B43311E2CD8CB00C5840E /* UICKeyChainStore.m */ = {isa = PBXFileReference; fileEncoding = 4; lastKnownFileType = sourcecode.c.objc; path = UICKeyChainStore.m; sourceTree = "<group>"; };
		6321E0DA514ECB608027957D /* Pods-goEuro.release.xcconfig */ = {isa = PBXFileReference; includeInIndex = 1; lastKnownFileType = text.xcconfig; name = "Pods-goEuro.release.xcconfig"; path = "Pods/Target Support Files/Pods-goEuro/Pods-goEuro.release.xcconfig"; sourceTree = "<group>"; };
/* End PBXFileReference section */

/* Begin PBXFrameworksBuildPhase section */
		424B42941E2CD37200C5840E /* Frameworks */ = {
			isa = PBXFrameworksBuildPhase;
			buildActionMask = 2147483647;
			files = (
				FD61E1EC25146EFFA1DFBA14 /* libPods-goEuro.a in Frameworks */,
			);
			runOnlyForDeploymentPostprocessing = 0;
		};
/* End PBXFrameworksBuildPhase section */

/* Begin PBXGroup section */
		424B428E1E2CD37200C5840E = {
			isa = PBXGroup;
			children = (
				424B42991E2CD37200C5840E /* goEuro */,
				424B42981E2CD37200C5840E /* Products */,
				6C9C365E2CC69AA1819FC5BE /* Pods */,
				AE12D7E7184AF0878CF99D41 /* Frameworks */,
			);
			sourceTree = "<group>";
		};
		424B42981E2CD37200C5840E /* Products */ = {
			isa = PBXGroup;
			children = (
				424B42971E2CD37200C5840E /* goEuro.app */,
			);
			name = Products;
			sourceTree = "<group>";
		};
		424B42991E2CD37200C5840E /* goEuro */ = {
			isa = PBXGroup;
			children = (
				424B42BB1E2CD75600C5840E /* Foundation */,
				424B42B11E2CD61A00C5840E /* Controllers */,
				424B429D1E2CD37200C5840E /* AppDelegate.h */,
				424B429E1E2CD37200C5840E /* AppDelegate.m */,
				424B42A01E2CD37200C5840E /* ViewController.h */,
				424B42A11E2CD37200C5840E /* ViewController.m */,
				424B42A31E2CD37200C5840E /* Main.storyboard */,
				424B42A61E2CD37200C5840E /* Assets.xcassets */,
				424B42A81E2CD37200C5840E /* LaunchScreen.storyboard */,
				424B42AB1E2CD37200C5840E /* Info.plist */,
				424B429A1E2CD37200C5840E /* Supporting Files */,
			);
			path = goEuro;
			sourceTree = "<group>";
		};
		424B429A1E2CD37200C5840E /* Supporting Files */ = {
			isa = PBXGroup;
			children = (
				424B429B1E2CD37200C5840E /* main.m */,
			);
			name = "Supporting Files";
			sourceTree = "<group>";
		};
		424B42B11E2CD61A00C5840E /* Controllers */ = {
			isa = PBXGroup;
			children = (
				424B42B21E2CD64A00C5840E /* FlightViewController.h */,
				424B42B31E2CD64A00C5840E /* FlightViewController.m */,
				424B42B51E2CD66000C5840E /* TrainViewController.h */,
				424B42B61E2CD66000C5840E /* TrainViewController.m */,
				424B42B81E2CD68800C5840E /* BusViewController.h */,
				424B42B91E2CD68800C5840E /* BusViewController.m */,
			);
			path = Controllers;
			sourceTree = "<group>";
		};
		424B42BB1E2CD75600C5840E /* Foundation */ = {
			isa = PBXGroup;
			children = (
				424B430B1E2CD88C00C5840E /* Defines.h */,
				424B43241E2CD8BE00C5840E /* Touch JSON */,
				424B43201E2CD8B800C5840E /* SWDefaults */,
				424B431C1E2CD8B300C5840E /* Singleton */,
				424B43181E2CD8A800C5840E /* Reachability */,
				424B43131E2CD8A200C5840E /* MBProgress */,
				424B430C1E2CD89600C5840E /* HTTP_Handler */,
				424B42F81E2CD88500C5840E /* CustomCell */,
				424B42EE1E2CD87D00C5840E /* Custom Objects */,
				424B42DA1E2CD87500C5840E /* Categories */,
				424B42D61E2CD86A00C5840E /* CAPSPageMenu */,
				424B42BC1E2CD77900C5840E /* BaseViewController */,
			);
			path = Foundation;
			sourceTree = "<group>";
		};
		424B42BC1E2CD77900C5840E /* BaseViewController */ = {
			isa = PBXGroup;
			children = (
				424B432F1E2CD8CB00C5840E /* UniqueDeviceID */,
				424B42BD1E2CD77900C5840E /* BaseViewController.h */,
				424B42BE1E2CD77900C5840E /* BaseViewController.m */,
			);
			path = BaseViewController;
			sourceTree = "<group>";
		};
		424B42D61E2CD86A00C5840E /* CAPSPageMenu */ = {
			isa = PBXGroup;
			children = (
				424B42D71E2CD86A00C5840E /* CAPSPageMenu.h */,
				424B42D81E2CD86A00C5840E /* CAPSPageMenu.m */,
			);
			path = CAPSPageMenu;
			sourceTree = "<group>";
		};
		424B42DA1E2CD87500C5840E /* Categories */ = {
			isa = PBXGroup;
			children = (
				424B42E01E2CD87500C5840E /* NSDictionary+Additions.h */,
				424B42E11E2CD87500C5840E /* NSDictionary+Additions.m */,
				424B42E21E2CD87500C5840E /* NSString+Additions.h */,
				424B42E31E2CD87500C5840E /* NSString+Additions.m */,
				424B42E41E2CD87500C5840E /* txtFldCategory.h */,
				424B42E51E2CD87500C5840E /* txtFldCategory.m */,
				424B42E61E2CD87500C5840E /* UIView+Visuals.h */,
				424B42E71E2CD87500C5840E /* UIView+Visuals.m */,
			);
			path = Categories;
			sourceTree = "<group>";
		};
		424B42EE1E2CD87D00C5840E /* Custom Objects */ = {
			isa = PBXGroup;
			children = (
				424B42F31E2CD87D00C5840E /* OfferObject.h */,
				424B42F41E2CD87D00C5840E /* OfferObject.m */,
			);
			path = "Custom Objects";
			sourceTree = "<group>";
		};
		424B42F81E2CD88500C5840E /* CustomCell */ = {
			isa = PBXGroup;
			children = (
				424B43031E2CD88500C5840E /* OfferCell.h */,
				424B43041E2CD88500C5840E /* OfferCell.m */,
			);
			path = CustomCell;
			sourceTree = "<group>";
		};
		424B430C1E2CD89600C5840E /* HTTP_Handler */ = {
			isa = PBXGroup;
			children = (
				424B430D1E2CD89600C5840E /* Base.h */,
				424B430E1E2CD89600C5840E /* Base.m */,
				424B430F1E2CD89600C5840E /* HttpClient.h */,
				424B43101E2CD89600C5840E /* HttpClient.m */,
			);
			path = HTTP_Handler;
			sourceTree = "<group>";
		};
		424B43131E2CD8A200C5840E /* MBProgress */ = {
			isa = PBXGroup;
			children = (
				424B43141E2CD8A200C5840E /* MBProgressHUD-Prefix.pch */,
				424B43151E2CD8A200C5840E /* MBProgressHUD.h */,
				424B43161E2CD8A200C5840E /* MBProgressHUD.m */,
			);
			path = MBProgress;
			sourceTree = "<group>";
		};
		424B43181E2CD8A800C5840E /* Reachability */ = {
			isa = PBXGroup;
			children = (
				424B43191E2CD8A800C5840E /* Reachability.h */,
				424B431A1E2CD8A800C5840E /* Reachability.m */,
			);
			path = Reachability;
			sourceTree = "<group>";
		};
		424B431C1E2CD8B300C5840E /* Singleton */ = {
			isa = PBXGroup;
			children = (
				424B431D1E2CD8B300C5840E /* Singleton.h */,
				424B431E1E2CD8B300C5840E /* Singleton.m */,
			);
			path = Singleton;
			sourceTree = "<group>";
		};
		424B43201E2CD8B800C5840E /* SWDefaults */ = {
			isa = PBXGroup;
			children = (
				424B43211E2CD8B800C5840E /* SWDefaults.h */,
				424B43221E2CD8B800C5840E /* SWDefaults.m */,
			);
			path = SWDefaults;
			sourceTree = "<group>";
		};
		424B43241E2CD8BE00C5840E /* Touch JSON */ = {
			isa = PBXGroup;
			children = (
				424B43251E2CD8BE00C5840E /* CJSONDeserializer.h */,
				424B43261E2CD8BE00C5840E /* CJSONDeserializer.m */,
				424B43271E2CD8BE00C5840E /* CJSONSerializer.h */,
				424B43281E2CD8BE00C5840E /* CJSONSerializer.m */,
				424B43291E2CD8BE00C5840E /* JSONRepresentation.h */,
				424B432A1E2CD8BE00C5840E /* NSDictionary_JSONExtensions.h */,
				424B432B1E2CD8BE00C5840E /* NSDictionary_JSONExtensions.m */,
			);
			path = "Touch JSON";
			sourceTree = "<group>";
		};
		424B432F1E2CD8CB00C5840E /* UniqueDeviceID */ = {
			isa = PBXGroup;
			children = (
				424B43301E2CD8CB00C5840E /* UICKeyChainStore.h */,
				424B43311E2CD8CB00C5840E /* UICKeyChainStore.m */,
			);
			path = UniqueDeviceID;
			sourceTree = "<group>";
		};
		6C9C365E2CC69AA1819FC5BE /* Pods */ = {
			isa = PBXGroup;
			children = (
				25F1EF4D23053CA168867773 /* Pods-goEuro.debug.xcconfig */,
				6321E0DA514ECB608027957D /* Pods-goEuro.release.xcconfig */,
			);
			name = Pods;
			sourceTree = "<group>";
		};
		AE12D7E7184AF0878CF99D41 /* Frameworks */ = {
			isa = PBXGroup;
			children = (
				371762EF4A0F729162A78624 /* libPods-goEuro.a */,
			);
			name = Frameworks;
			sourceTree = "<group>";
		};
/* End PBXGroup section */

/* Begin PBXNativeTarget section */
		424B42961E2CD37200C5840E /* goEuro */ = {
			isa = PBXNativeTarget;
			buildConfigurationList = 424B42AE1E2CD37200C5840E /* Build configuration list for PBXNativeTarget "goEuro" */;
			buildPhases = (
				9B134112560317B026F2F8E2 /* [CP] Check Pods Manifest.lock */,
				424B42931E2CD37200C5840E /* Sources */,
				424B42941E2CD37200C5840E /* Frameworks */,
				424B42951E2CD37200C5840E /* Resources */,
				695B971347FFBF956BC7C541 /* [CP] Embed Pods Frameworks */,
				9E80285F48C59B3DB9DDDB7F /* [CP] Copy Pods Resources */,
			);
			buildRules = (
			);
			dependencies = (
			);
			name = goEuro;
			productName = goEuro;
			productReference = 424B42971E2CD37200C5840E /* goEuro.app */;
			productType = "com.apple.product-type.application";
		};
/* End PBXNativeTarget section */

/* Begin PBXProject section */
		424B428F1E2CD37200C5840E /* Project object */ = {
			isa = PBXProject;
			attributes = {
				LastUpgradeCheck = 0800;
				ORGANIZATIONNAME = "goEuro developer";
				TargetAttributes = {
					424B42961E2CD37200C5840E = {
						CreatedOnToolsVersion = 8.0;
						ProvisioningStyle = Automatic;
					};
				};
			};
			buildConfigurationList = 424B42921E2CD37200C5840E /* Build configuration list for PBXProject "goEuro" */;
			compatibilityVersion = "Xcode 3.2";
			developmentRegion = English;
			hasScannedForEncodings = 0;
			knownRegions = (
				en,
				Base,
			);
			mainGroup = 424B428E1E2CD37200C5840E;
			productRefGroup = 424B42981E2CD37200C5840E /* Products */;
			projectDirPath = "";
			projectRoot = "";
			targets = (
				424B42961E2CD37200C5840E /* goEuro */,
			);
		};
/* End PBXProject section */

/* Begin PBXResourcesBuildPhase section */
		424B42951E2CD37200C5840E /* Resources */ = {
			isa = PBXResourcesBuildPhase;
			buildActionMask = 2147483647;
			files = (
				424B42AA1E2CD37200C5840E /* LaunchScreen.storyboard in Resources */,
				424B42A71E2CD37200C5840E /* Assets.xcassets in Resources */,
				424B42A51E2CD37200C5840E /* Main.storyboard in Resources */,
			);
			runOnlyForDeploymentPostprocessing = 0;
		};
/* End PBXResourcesBuildPhase section */

/* Begin PBXShellScriptBuildPhase section */
		695B971347FFBF956BC7C541 /* [CP] Embed Pods Frameworks */ = {
			isa = PBXShellScriptBuildPhase;
			buildActionMask = 2147483647;
			files = (
			);
			inputPaths = (
			);
			name = "[CP] Embed Pods Frameworks";
			outputPaths = (
			);
			runOnlyForDeploymentPostprocessing = 0;
			shellPath = /bin/sh;
			shellScript = "\"${SRCROOT}/Pods/Target Support Files/Pods-goEuro/Pods-goEuro-frameworks.sh\"\n";
			showEnvVarsInLog = 0;
		};
		9B134112560317B026F2F8E2 /* [CP] Check Pods Manifest.lock */ = {
			isa = PBXShellScriptBuildPhase;
			buildActionMask = 2147483647;
			files = (
			);
			inputPaths = (
			);
			name = "[CP] Check Pods Manifest.lock";
			outputPaths = (
			);
			runOnlyForDeploymentPostprocessing = 0;
			shellPath = /bin/sh;
			shellScript = "diff \"${PODS_ROOT}/../Podfile.lock\" \"${PODS_ROOT}/Manifest.lock\" > /dev/null\nif [[ $? != 0 ]] ; then\n    cat << EOM\nerror: The sandbox is not in sync with the Podfile.lock. Run 'pod install' or update your CocoaPods installation.\nEOM\n    exit 1\nfi\n";
			showEnvVarsInLog = 0;
		};
		9E80285F48C59B3DB9DDDB7F /* [CP] Copy Pods Resources */ = {
			isa = PBXShellScriptBuildPhase;
			buildActionMask = 2147483647;
			files = (
			);
			inputPaths = (
			);
			name = "[CP] Copy Pods Resources";
			outputPaths = (
			);
			runOnlyForDeploymentPostprocessing = 0;
			shellPath = /bin/sh;
			shellScript = "\"${SRCROOT}/Pods/Target Support Files/Pods-goEuro/Pods-goEuro-resources.sh\"\n";
			showEnvVarsInLog = 0;
		};
/* End PBXShellScriptBuildPhase section */

/* Begin PBXSourcesBuildPhase section */
		424B42931E2CD37200C5840E /* Sources */ = {
			isa = PBXSourcesBuildPhase;
			buildActionMask = 2147483647;
			files = (
				424B43231E2CD8B800C5840E /* SWDefaults.m in Sources */,
				424B42EA1E2CD87500C5840E /* NSDictionary+Additions.m in Sources */,
				424B432D1E2CD8BE00C5840E /* CJSONSerializer.m in Sources */,
				424B42EC1E2CD87500C5840E /* txtFldCategory.m in Sources */,
				424B42A21E2CD37200C5840E /* ViewController.m in Sources */,
				424B42BA1E2CD68800C5840E /* BusViewController.m in Sources */,
				424B42D91E2CD86A00C5840E /* CAPSPageMenu.m in Sources */,
				424B432C1E2CD8BE00C5840E /* CJSONDeserializer.m in Sources */,
				424B43321E2CD8CB00C5840E /* UICKeyChainStore.m in Sources */,
				424B429F1E2CD37200C5840E /* AppDelegate.m in Sources */,
				424B431B1E2CD8A800C5840E /* Reachability.m in Sources */,
				424B431F1E2CD8B300C5840E /* Singleton.m in Sources */,
				424B43111E2CD89600C5840E /* Base.m in Sources */,
				424B42EB1E2CD87500C5840E /* NSString+Additions.m in Sources */,
				424B43171E2CD8A200C5840E /* MBProgressHUD.m in Sources */,
				424B42F71E2CD87D00C5840E /* OfferObject.m in Sources */,
				424B42ED1E2CD87500C5840E /* UIView+Visuals.m in Sources */,
				424B432E1E2CD8BE00C5840E /* NSDictionary_JSONExtensions.m in Sources */,
				424B42B71E2CD66000C5840E /* TrainViewController.m in Sources */,
				424B42B41E2CD64A00C5840E /* FlightViewController.m in Sources */,
				424B430A1E2CD88500C5840E /* OfferCell.m in Sources */,
				424B42CB1E2CD77900C5840E /* BaseViewController.m in Sources */,
				424B429C1E2CD37200C5840E /* main.m in Sources */,
				424B43121E2CD89600C5840E /* HttpClient.m in Sources */,
			);
			runOnlyForDeploymentPostprocessing = 0;
		};
/* End PBXSourcesBuildPhase section */

/* Begin PBXVariantGroup section */
		424B42A31E2CD37200C5840E /* Main.storyboard */ = {
			isa = PBXVariantGroup;
			children = (
				424B42A41E2CD37200C5840E /* Base */,
			);
			name = Main.storyboard;
			sourceTree = "<group>";
		};
		424B42A81E2CD37200C5840E /* LaunchScreen.storyboard */ = {
			isa = PBXVariantGroup;
			children = (
				424B42A91E2CD37200C5840E /* Base */,
			);
			name = LaunchScreen.storyboard;
			sourceTree = "<group>";
		};
/* End PBXVariantGroup section */

/* Begin XCBuildConfiguration section */
		424B42AC1E2CD37200C5840E /* Debug */ = {
			isa = XCBuildConfiguration;
			buildSettings = {
				ALWAYS_SEARCH_USER_PATHS = NO;
				CLANG_ANALYZER_NONNULL = YES;
				CLANG_CXX_LANGUAGE_STANDARD = "gnu++0x";
				CLANG_CXX_LIBRARY = "libc++";
				CLANG_ENABLE_MODULES = YES;
				CLANG_ENABLE_OBJC_ARC = YES;
				CLANG_WARN_BOOL_CONVERSION = YES;
				CLANG_WARN_CONSTANT_CONVERSION = YES;
				CLANG_WARN_DIRECT_OBJC_ISA_USAGE = YES_ERROR;
				CLANG_WARN_DOCUMENTATION_COMMENTS = YES;
				CLANG_WARN_EMPTY_BODY = YES;
				CLANG_WARN_ENUM_CONVERSION = YES;
				CLANG_WARN_INFINITE_RECURSION = YES;
				CLANG_WARN_INT_CONVERSION = YES;
				CLANG_WARN_OBJC_ROOT_CLASS = YES_ERROR;
				CLANG_WARN_SUSPICIOUS_MOVES = YES;
				CLANG_WARN_UNREACHABLE_CODE = YES;
				CLANG_WARN__DUPLICATE_METHOD_MATCH = YES;
				"CODE_SIGN_IDENTITY[sdk=iphoneos*]" = "iPhone Developer";
				COPY_PHASE_STRIP = NO;
				DEBUG_INFORMATION_FORMAT = dwarf;
				ENABLE_STRICT_OBJC_MSGSEND = YES;
				ENABLE_TESTABILITY = YES;
				GCC_C_LANGUAGE_STANDARD = gnu99;
				GCC_DYNAMIC_NO_PIC = NO;
				GCC_NO_COMMON_BLOCKS = YES;
				GCC_OPTIMIZATION_LEVEL = 0;
				GCC_PREPROCESSOR_DEFINITIONS = (
					"DEBUG=1",
					"$(inherited)",
				);
				GCC_WARN_64_TO_32_BIT_CONVERSION = YES;
				GCC_WARN_ABOUT_RETURN_TYPE = YES_ERROR;
				GCC_WARN_UNDECLARED_SELECTOR = YES;
				GCC_WARN_UNINITIALIZED_AUTOS = YES_AGGRESSIVE;
				GCC_WARN_UNUSED_FUNCTION = YES;
				GCC_WARN_UNUSED_VARIABLE = YES;
				IPHONEOS_DEPLOYMENT_TARGET = 10.0;
				MTL_ENABLE_DEBUG_INFO = YES;
				ONLY_ACTIVE_ARCH = YES;
				SDKROOT = iphoneos;
			};
			name = Debug;
		};
		424B42AD1E2CD37200C5840E /* Release */ = {
			isa = XCBuildConfiguration;
			buildSettings = {
				ALWAYS_SEARCH_USER_PATHS = NO;
				CLANG_ANALYZER_NONNULL = YES;
				CLANG_CXX_LANGUAGE_STANDARD = "gnu++0x";
				CLANG_CXX_LIBRARY = "libc++";
				CLANG_ENABLE_MODULES = YES;
				CLANG_ENABLE_OBJC_ARC = YES;
				CLANG_WARN_BOOL_CONVERSION = YES;
				CLANG_WARN_CONSTANT_CONVERSION = YES;
				CLANG_WARN_DIRECT_OBJC_ISA_USAGE = YES_ERROR;
				CLANG_WARN_DOCUMENTATION_COMMENTS = YES;
				CLANG_WARN_EMPTY_BODY = YES;
				CLANG_WARN_ENUM_CONVERSION = YES;
				CLANG_WARN_INFINITE_RECURSION = YES;
				CLANG_WARN_INT_CONVERSION = YES;
				CLANG_WARN_OBJC_ROOT_CLASS = YES_ERROR;
				CLANG_WARN_SUSPICIOUS_MOVES = YES;
				CLANG_WARN_UNREACHABLE_CODE = YES;
				CLANG_WARN__DUPLICATE_METHOD_MATCH = YES;
				"CODE_SIGN_IDENTITY[sdk=iphoneos*]" = "iPhone Developer";
				COPY_PHASE_STRIP = NO;
				DEBUG_INFORMATION_FORMAT = "dwarf-with-dsym";
				ENABLE_NS_ASSERTIONS = NO;
				ENABLE_STRICT_OBJC_MSGSEND = YES;
				GCC_C_LANGUAGE_STANDARD = gnu99;
				GCC_NO_COMMON_BLOCKS = YES;
				GCC_WARN_64_TO_32_BIT_CONVERSION = YES;
				GCC_WARN_ABOUT_RETURN_TYPE = YES_ERROR;
				GCC_WARN_UNDECLARED_SELECTOR = YES;
				GCC_WARN_UNINITIALIZED_AUTOS = YES_AGGRESSIVE;
				GCC_WARN_UNUSED_FUNCTION = YES;
				GCC_WARN_UNUSED_VARIABLE = YES;
				IPHONEOS_DEPLOYMENT_TARGET = 10.0;
				MTL_ENABLE_DEBUG_INFO = NO;
				SDKROOT = iphoneos;
				VALIDATE_PRODUCT = YES;
			};
			name = Release;
		};
		424B42AF1E2CD37200C5840E /* Debug */ = {
			isa = XCBuildConfiguration;
			baseConfigurationReference = 25F1EF4D23053CA168867773 /* Pods-goEuro.debug.xcconfig */;
			buildSettings = {
				ASSETCATALOG_COMPILER_APPICON_NAME = AppIcon;
				INFOPLIST_FILE = goEuro/Info.plist;
				LD_RUNPATH_SEARCH_PATHS = "$(inherited) @executable_path/Frameworks";
				PRODUCT_BUNDLE_IDENTIFIER = com.goeuro.goEuro;
				PRODUCT_NAME = "$(TARGET_NAME)";
			};
			name = Debug;
		};
		424B42B01E2CD37200C5840E /* Release */ = {
			isa = XCBuildConfiguration;
			baseConfigurationReference = 6321E0DA514ECB608027957D /* Pods-goEuro.release.xcconfig */;
			buildSettings = {
				ASSETCATALOG_COMPILER_APPICON_NAME = AppIcon;
				INFOPLIST_FILE = goEuro/Info.plist;
				LD_RUNPATH_SEARCH_PATHS = "$(inherited) @executable_path/Frameworks";
				PRODUCT_BUNDLE_IDENTIFIER = com.goeuro.goEuro;
				PRODUCT_NAME = "$(TARGET_NAME)";
			};
			name = Release;
		};
/* End XCBuildConfiguration section */

/* Begin XCConfigurationList section */
		424B42921E2CD37200C5840E /* Build configuration list for PBXProject "goEuro" */ = {
			isa = XCConfigurationList;
			buildConfigurations = (
				424B42AC1E2CD37200C5840E /* Debug */,
				424B42AD1E2CD37200C5840E /* Release */,
			);
			defaultConfigurationIsVisible = 0;
			defaultConfigurationName = Release;
		};
		424B42AE1E2CD37200C5840E /* Build configuration list for PBXNativeTarget "goEuro" */ = {
			isa = XCConfigurationList;
			buildConfigurations = (
				424B42AF1E2CD37200C5840E /* Debug */,
				424B42B01E2CD37200C5840E /* Release */,
			);
			defaultConfigurationIsVisible = 0;
			defaultConfigurationName = Release;
		};
/* End XCConfigurationList section */
	};
	rootObject = 424B428F1E2CD37200C5840E /* Project object */;
}
